// !$*UTF8*$!
{
	archiveVersion = 1;
	classes = {
	};
	objectVersion = 55;
	objects = {

/* Begin PBXBuildFile section */
		2B434A6327FEEE8300ED5E3D /* Delm-Medium.otf in Resources */ = {isa = PBXBuildFile; fileRef = 2B434A6127FEEE8300ED5E3D /* Delm-Medium.otf */; };
		2B434A6427FEEE8300ED5E3D /* ThirstySoftRegular.otf in Resources */ = {isa = PBXBuildFile; fileRef = 2B434A6227FEEE8300ED5E3D /* ThirstySoftRegular.otf */; };
		2B9099FD27FDBB0A0025CA7F /* AppDelegate.swift in Sources */ = {isa = PBXBuildFile; fileRef = 2B9099FC27FDBB0A0025CA7F /* AppDelegate.swift */; };
		2B9099FF27FDBB0A0025CA7F /* SceneDelegate.swift in Sources */ = {isa = PBXBuildFile; fileRef = 2B9099FE27FDBB0A0025CA7F /* SceneDelegate.swift */; };
		2B909A0127FDBB0A0025CA7F /* ViewController.swift in Sources */ = {isa = PBXBuildFile; fileRef = 2B909A0027FDBB0A0025CA7F /* ViewController.swift */; };
		2B909A0427FDBB0A0025CA7F /* Main.storyboard in Resources */ = {isa = PBXBuildFile; fileRef = 2B909A0227FDBB0A0025CA7F /* Main.storyboard */; };
		2B909A0627FDBB0A0025CA7F /* Assets.xcassets in Resources */ = {isa = PBXBuildFile; fileRef = 2B909A0527FDBB0A0025CA7F /* Assets.xcassets */; };
		2B909A0927FDBB0A0025CA7F /* LaunchScreen.storyboard in Resources */ = {isa = PBXBuildFile; fileRef = 2B909A0727FDBB0A0025CA7F /* LaunchScreen.storyboard */; };
/* End PBXBuildFile section */

/* Begin PBXFileReference section */
		2B434A6127FEEE8300ED5E3D /* Delm-Medium.otf */ = {isa = PBXFileReference; lastKnownFileType = file; path = "Delm-Medium.otf"; sourceTree = "<group>"; };
		2B434A6227FEEE8300ED5E3D /* ThirstySoftRegular.otf */ = {isa = PBXFileReference; lastKnownFileType = file; path = ThirstySoftRegular.otf; sourceTree = "<group>"; };
		2B9099F927FDBB0A0025CA7F /* InstaGrid.app */ = {isa = PBXFileReference; explicitFileType = wrapper.application; includeInIndex = 0; path = InstaGrid.app; sourceTree = BUILT_PRODUCTS_DIR; };
		2B9099FC27FDBB0A0025CA7F /* AppDelegate.swift */ = {isa = PBXFileReference; lastKnownFileType = sourcecode.swift; path = AppDelegate.swift; sourceTree = "<group>"; };
		2B9099FE27FDBB0A0025CA7F /* SceneDelegate.swift */ = {isa = PBXFileReference; lastKnownFileType = sourcecode.swift; path = SceneDelegate.swift; sourceTree = "<group>"; };
		2B909A0027FDBB0A0025CA7F /* ViewController.swift */ = {isa = PBXFileReference; lastKnownFileType = sourcecode.swift; path = ViewController.swift; sourceTree = "<group>"; };
		2B909A0327FDBB0A0025CA7F /* Base */ = {isa = PBXFileReference; lastKnownFileType = file.storyboard; name = Base; path = Base.lproj/Main.storyboard; sourceTree = "<group>"; };
		2B909A0527FDBB0A0025CA7F /* Assets.xcassets */ = {isa = PBXFileReference; lastKnownFileType = folder.assetcatalog; path = Assets.xcassets; sourceTree = "<group>"; };
		2B909A0827FDBB0A0025CA7F /* Base */ = {isa = PBXFileReference; lastKnownFileType = file.storyboard; name = Base; path = Base.lproj/LaunchScreen.storyboard; sourceTree = "<group>"; };
		2B909A0A27FDBB0A0025CA7F /* Info.plist */ = {isa = PBXFileReference; lastKnownFileType = text.plist.xml; path = Info.plist; sourceTree = "<group>"; };
/* End PBXFileReference section */

/* Begin PBXFrameworksBuildPhase section */
		2B9099F627FDBB0A0025CA7F /* Frameworks */ = {
			isa = PBXFrameworksBuildPhase;
			buildActionMask = 2147483647;
			files = (
			);
			runOnlyForDeploymentPostprocessing = 0;
		};
/* End PBXFrameworksBuildPhase section */

/* Begin PBXGroup section */
		2B189C142801DEB90088FAF4 /* Models */ = {
			isa = PBXGroup;
			children = (
			);
			path = Models;
			sourceTree = "<group>";
		};
		2B189C152801DEC10088FAF4 /* Views */ = {
			isa = PBXGroup;
			children = (
				2B909A0227FDBB0A0025CA7F /* Main.storyboard */,
			);
			path = Views;
			sourceTree = "<group>";
		};
		2B189C162801DED00088FAF4 /* Controllers */ = {
			isa = PBXGroup;
			children = (
				2B909A0027FDBB0A0025CA7F /* ViewController.swift */,
			);
			path = Controllers;
			sourceTree = "<group>";
		};
		2B189C172801DF100088FAF4 /* Supporting Files */ = {
			isa = PBXGroup;
			children = (
				2B9099FC27FDBB0A0025CA7F /* AppDelegate.swift */,
				2B9099FE27FDBB0A0025CA7F /* SceneDelegate.swift */,
				2B909A0527FDBB0A0025CA7F /* Assets.xcassets */,
				2B909A0727FDBB0A0025CA7F /* LaunchScreen.storyboard */,
			);
			path = "Supporting Files";
			sourceTree = "<group>";
		};
		2B2A97C327FEED2C00190107 /* Fonts */ = {
			isa = PBXGroup;
			children = (
				2B434A6127FEEE8300ED5E3D /* Delm-Medium.otf */,
				2B434A6227FEEE8300ED5E3D /* ThirstySoftRegular.otf */,
			);
			path = Fonts;
			sourceTree = "<group>";
		};
		2B9099F027FDBB0A0025CA7F = {
			isa = PBXGroup;
			children = (
				2B9099FB27FDBB0A0025CA7F /* InstaGrid */,
				2B9099FA27FDBB0A0025CA7F /* Products */,
			);
			sourceTree = "<group>";
		};
		2B9099FA27FDBB0A0025CA7F /* Products */ = {
			isa = PBXGroup;
			children = (
				2B9099F927FDBB0A0025CA7F /* InstaGrid.app */,
			);
			name = Products;
			sourceTree = "<group>";
		};
		2B9099FB27FDBB0A0025CA7F /* InstaGrid */ = {
			isa = PBXGroup;
			children = (
				2B189C162801DED00088FAF4 /* Controllers */,
				2B189C152801DEC10088FAF4 /* Views */,
				2B189C142801DEB90088FAF4 /* Models */,
				2B2A97C327FEED2C00190107 /* Fonts */,
				2B189C172801DF100088FAF4 /* Supporting Files */,
				2B909A0A27FDBB0A0025CA7F /* Info.plist */,
			);
			path = InstaGrid;
			sourceTree = "<group>";
		};
/* End PBXGroup section */

/* Begin PBXNativeTarget section */
		2B9099F827FDBB0A0025CA7F /* InstaGrid */ = {
			isa = PBXNativeTarget;
			buildConfigurationList = 2B909A0D27FDBB0A0025CA7F /* Build configuration list for PBXNativeTarget "InstaGrid" */;
			buildPhases = (
				2B9099F527FDBB0A0025CA7F /* Sources */,
				2B9099F627FDBB0A0025CA7F /* Frameworks */,
				2B9099F727FDBB0A0025CA7F /* Resources */,
			);
			buildRules = (
			);
			dependencies = (
			);
			name = InstaGrid;
			productName = InstaGrid;
			productReference = 2B9099F927FDBB0A0025CA7F /* InstaGrid.app */;
			productType = "com.apple.product-type.application";
		};
/* End PBXNativeTarget section */

/* Begin PBXProject section */
		2B9099F127FDBB0A0025CA7F /* Project object */ = {
			isa = PBXProject;
			attributes = {
				BuildIndependentTargetsInParallel = 1;
				LastSwiftUpdateCheck = 1330;
				LastUpgradeCheck = 1330;
				TargetAttributes = {
					2B9099F827FDBB0A0025CA7F = {
						CreatedOnToolsVersion = 13.3;
					};
				};
			};
			buildConfigurationList = 2B9099F427FDBB0A0025CA7F /* Build configuration list for PBXProject "InstaGrid" */;
			compatibilityVersion = "Xcode 13.0";
			developmentRegion = en;
			hasScannedForEncodings = 0;
			knownRegions = (
				en,
				Base,
			);
			mainGroup = 2B9099F027FDBB0A0025CA7F;
			productRefGroup = 2B9099FA27FDBB0A0025CA7F /* Products */;
			projectDirPath = "";
			projectRoot = "";
			targets = (
				2B9099F827FDBB0A0025CA7F /* InstaGrid */,
			);
		};
/* End PBXProject section */

/* Begin PBXResourcesBuildPhase section */
		2B9099F727FDBB0A0025CA7F /* Resources */ = {
			isa = PBXResourcesBuildPhase;
			buildActionMask = 2147483647;
			files = (
				2B909A0927FDBB0A0025CA7F /* LaunchScreen.storyboard in Resources */,
				2B909A0627FDBB0A0025CA7F /* Assets.xcassets in Resources */,
				2B434A6427FEEE8300ED5E3D /* ThirstySoftRegular.otf in Resources */,
				2B434A6327FEEE8300ED5E3D /* Delm-Medium.otf in Resources */,
				2B909A0427FDBB0A0025CA7F /* Main.storyboard in Resources */,
			);
			runOnlyForDeploymentPostprocessing = 0;
		};
/* End PBXResourcesBuildPhase section */

/* Begin PBXSourcesBuildPhase section */
		2B9099F527FDBB0A0025CA7F /* Sources */ = {
			isa = PBXSourcesBuildPhase;
			buildActionMask = 2147483647;
			files = (
				2B909A0127FDBB0A0025CA7F /* ViewController.swift in Sources */,
				2B9099FD27FDBB0A0025CA7F /* AppDelegate.swift in Sources */,
				2B9099FF27FDBB0A0025CA7F /* SceneDelegate.swift in Sources */,
			);
			runOnlyForDeploymentPostprocessing = 0;
		};
/* End PBXSourcesBuildPhase section */

/* Begin PBXVariantGroup section */
		2B909A0227FDBB0A0025CA7F /* Main.storyboard */ = {
			isa = PBXVariantGroup;
			children = (
				2B909A0327FDBB0A0025CA7F /* Base */,
			);
			name = Main.storyboard;
			sourceTree = "<group>";
		};
		2B909A0727FDBB0A0025CA7F /* LaunchScreen.storyboard */ = {
			isa = PBXVariantGroup;
			children = (
				2B909A0827FDBB0A0025CA7F /* Base */,
			);
			name = LaunchScreen.storyboard;
			sourceTree = "<group>";
		};
/* End PBXVariantGroup section */

/* Begin XCBuildConfiguration section */
		2B909A0B27FDBB0A0025CA7F /* Debug */ = {
			isa = XCBuildConfiguration;
			buildSettings = {
				ALWAYS_SEARCH_USER_PATHS = NO;
				CLANG_ANALYZER_NONNULL = YES;
				CLANG_ANALYZER_NUMBER_OBJECT_CONVERSION = YES_AGGRESSIVE;
				CLANG_CXX_LANGUAGE_STANDARD = "gnu++17";
				CLANG_ENABLE_MODULES = YES;
				CLANG_ENABLE_OBJC_ARC = YES;
				CLANG_ENABLE_OBJC_WEAK = YES;
				CLANG_WARN_BLOCK_CAPTURE_AUTORELEASING = YES;
				CLANG_WARN_BOOL_CONVERSION = YES;
				CLANG_WARN_COMMA = YES;
				CLANG_WARN_CONSTANT_CONVERSION = YES;
				CLANG_WARN_DEPRECATED_OBJC_IMPLEMENTATIONS = YES;
				CLANG_WARN_DIRECT_OBJC_ISA_USAGE = YES_ERROR;
				CLANG_WARN_DOCUMENTATION_COMMENTS = YES;
				CLANG_WARN_EMPTY_BODY = YES;
				CLANG_WARN_ENUM_CONVERSION = YES;
				CLANG_WARN_INFINITE_RECURSION = YES;
				CLANG_WARN_INT_CONVERSION = YES;
				CLANG_WARN_NON_LITERAL_NULL_CONVERSION = YES;
				CLANG_WARN_OBJC_IMPLICIT_RETAIN_SELF = YES;
				CLANG_WARN_OBJC_LITERAL_CONVERSION = YES;
				CLANG_WARN_OBJC_ROOT_CLASS = YES_ERROR;
				CLANG_WARN_QUOTED_INCLUDE_IN_FRAMEWORK_HEADER = YES;
				CLANG_WARN_RANGE_LOOP_ANALYSIS = YES;
				CLANG_WARN_STRICT_PROTOTYPES = YES;
				CLANG_WARN_SUSPICIOUS_MOVE = YES;
				CLANG_WARN_UNGUARDED_AVAILABILITY = YES_AGGRESSIVE;
				CLANG_WARN_UNREACHABLE_CODE = YES;
				CLANG_WARN__DUPLICATE_METHOD_MATCH = YES;
				COPY_PHASE_STRIP = NO;
				DEBUG_INFORMATION_FORMAT = dwarf;
				ENABLE_STRICT_OBJC_MSGSEND = YES;
				ENABLE_TESTABILITY = YES;
				GCC_C_LANGUAGE_STANDARD = gnu11;
				GCC_DYNAMIC_NO_PIC = NO;
				GCC_NO_COMMON_BLOCKS = YES;
				GCC_OPTIMIZATION_LEVEL = 0;
				GCC_PREPROCESSOR_DEFINITIONS = (
					"DEBUG=1",
					"$(inherited)",
				);
				GCC_WARN_64_TO_32_BIT_CONVERSION = YES;
				GCC_WARN_ABOUT_RETURN_TYPE = YES_ERROR;
				GCC_WARN_UNDECLARED_SELECTOR = YES;
				GCC_WARN_UNINITIALIZED_AUTOS = YES_AGGRESSIVE;
				GCC_WARN_UNUSED_FUNCTION = YES;
				GCC_WARN_UNUSED_VARIABLE = YES;
				IPHONEOS_DEPLOYMENT_TARGET = 11.0;
				MTL_ENABLE_DEBUG_INFO = INCLUDE_SOURCE;
				MTL_FAST_MATH = YES;
				ONLY_ACTIVE_ARCH = YES;
				SDKROOT = iphoneos;
				SWIFT_ACTIVE_COMPILATION_CONDITIONS = DEBUG;
				SWIFT_OPTIMIZATION_LEVEL = "-Onone";
			};
			name = Debug;
		};
		2B909A0C27FDBB0A0025CA7F /* Release */ = {
			isa = XCBuildConfiguration;
			buildSettings = {
				ALWAYS_SEARCH_USER_PATHS = NO;
				CLANG_ANALYZER_NONNULL = YES;
				CLANG_ANALYZER_NUMBER_OBJECT_CONVERSION = YES_AGGRESSIVE;
				CLANG_CXX_LANGUAGE_STANDARD = "gnu++17";
				CLANG_ENABLE_MODULES = YES;
				CLANG_ENABLE_OBJC_ARC = YES;
				CLANG_ENABLE_OBJC_WEAK = YES;
				CLANG_WARN_BLOCK_CAPTURE_AUTORELEASING = YES;
				CLANG_WARN_BOOL_CONVERSION = YES;
				CLANG_WARN_COMMA = YES;
				CLANG_WARN_CONSTANT_CONVERSION = YES;
				CLANG_WARN_DEPRECATED_OBJC_IMPLEMENTATIONS = YES;
				CLANG_WARN_DIRECT_OBJC_ISA_USAGE = YES_ERROR;
				CLANG_WARN_DOCUMENTATION_COMMENTS = YES;
				CLANG_WARN_EMPTY_BODY = YES;
				CLANG_WARN_ENUM_CONVERSION = YES;
				CLANG_WARN_INFINITE_RECURSION = YES;
				CLANG_WARN_INT_CONVERSION = YES;
				CLANG_WARN_NON_LITERAL_NULL_CONVERSION = YES;
				CLANG_WARN_OBJC_IMPLICIT_RETAIN_SELF = YES;
				CLANG_WARN_OBJC_LITERAL_CONVERSION = YES;
				CLANG_WARN_OBJC_ROOT_CLASS = YES_ERROR;
				CLANG_WARN_QUOTED_INCLUDE_IN_FRAMEWORK_HEADER = YES;
				CLANG_WARN_RANGE_LOOP_ANALYSIS = YES;
				CLANG_WARN_STRICT_PROTOTYPES = YES;
				CLANG_WARN_SUSPICIOUS_MOVE = YES;
				CLANG_WARN_UNGUARDED_AVAILABILITY = YES_AGGRESSIVE;
				CLANG_WARN_UNREACHABLE_CODE = YES;
				CLANG_WARN__DUPLICATE_METHOD_MATCH = YES;
				COPY_PHASE_STRIP = NO;
				DEBUG_INFORMATION_FORMAT = "dwarf-with-dsym";
				ENABLE_NS_ASSERTIONS = NO;
				ENABLE_STRICT_OBJC_MSGSEND = YES;
				GCC_C_LANGUAGE_STANDARD = gnu11;
				GCC_NO_COMMON_BLOCKS = YES;
				GCC_WARN_64_TO_32_BIT_CONVERSION = YES;
				GCC_WARN_ABOUT_RETURN_TYPE = YES_ERROR;
				GCC_WARN_UNDECLARED_SELECTOR = YES;
				GCC_WARN_UNINITIALIZED_AUTOS = YES_AGGRESSIVE;
				GCC_WARN_UNUSED_FUNCTION = YES;
				GCC_WARN_UNUSED_VARIABLE = YES;
				IPHONEOS_DEPLOYMENT_TARGET = 11.0;
				MTL_ENABLE_DEBUG_INFO = NO;
				MTL_FAST_MATH = YES;
				SDKROOT = iphoneos;
				SWIFT_COMPILATION_MODE = wholemodule;
				SWIFT_OPTIMIZATION_LEVEL = "-O";
				VALIDATE_PRODUCT = YES;
			};
			name = Release;
		};
		2B909A0E27FDBB0A0025CA7F /* Debug */ = {
			isa = XCBuildConfiguration;
			buildSettings = {
				ASSETCATALOG_COMPILER_APPICON_NAME = AppIcon;
				ASSETCATALOG_COMPILER_GLOBAL_ACCENT_COLOR_NAME = AccentColor;
				CODE_SIGN_STYLE = Automatic;
				CURRENT_PROJECT_VERSION = 1;
				DEVELOPMENT_TEAM = 6268FDJSTY;
				GENERATE_INFOPLIST_FILE = YES;
				INFOPLIST_FILE = InstaGrid/Info.plist;
				INFOPLIST_KEY_UIApplicationSupportsIndirectInputEvents = YES;
				INFOPLIST_KEY_UILaunchStoryboardName = LaunchScreen;
				INFOPLIST_KEY_UIMainStoryboardFile = Main;
				INFOPLIST_KEY_UISupportedInterfaceOrientations_iPad = "UIInterfaceOrientationPortrait UIInterfaceOrientationPortraitUpsideDown UIInterfaceOrientationLandscapeLeft UIInterfaceOrientationLandscapeRight";
				INFOPLIST_KEY_UISupportedInterfaceOrientations_iPhone = "UIInterfaceOrientationPortrait UIInterfaceOrientationLandscapeLeft UIInterfaceOrientationLandscapeRight";
				LD_RUNPATH_SEARCH_PATHS = (
					"$(inherited)",
					"@executable_path/Frameworks",
				);
				MARKETING_VERSION = 1.0;
				PRODUCT_BUNDLE_IDENTIFIER = com.mrsniikyz.InstaGrid;
				PRODUCT_NAME = "$(TARGET_NAME)";
				SWIFT_EMIT_LOC_STRINGS = YES;
				SWIFT_VERSION = 5.0;
				TARGETED_DEVICE_FAMILY = 1;
			};
			name = Debug;
		};
		2B909A0F27FDBB0A0025CA7F /* Release */ = {
			isa = XCBuildConfiguration;
			buildSettings = {
				ASSETCATALOG_COMPILER_APPICON_NAME = AppIcon;
				ASSETCATALOG_COMPILER_GLOBAL_ACCENT_COLOR_NAME = AccentColor;
				CODE_SIGN_STYLE = Automatic;
				CURRENT_PROJECT_VERSION = 1;
				DEVELOPMENT_TEAM = 6268FDJSTY;
				GENERATE_INFOPLIST_FILE = YES;
				INFOPLIST_FILE = InstaGrid/Info.plist;
				INFOPLIST_KEY_UIApplicationSupportsIndirectInputEvents = YES;
				INFOPLIST_KEY_UILaunchStoryboardName = LaunchScreen;
				INFOPLIST_KEY_UIMainStoryboardFile = Main;
				INFOPLIST_KEY_UISupportedInterfaceOrientations_iPad = "UIInterfaceOrientationPortrait UIInterfaceOrientationPortraitUpsideDown UIInterfaceOrientationLandscapeLeft UIInterfaceOrientationLandscapeRight";
				INFOPLIST_KEY_UISupportedInterfaceOrientations_iPhone = "UIInterfaceOrientationPortrait UIInterfaceOrientationLandscapeLeft UIInterfaceOrientationLandscapeRight";
				LD_RUNPATH_SEARCH_PATHS = (
					"$(inherited)",
					"@executable_path/Frameworks",
				);
				MARKETING_VERSION = 1.0;
				PRODUCT_BUNDLE_IDENTIFIER = com.mrsniikyz.InstaGrid;
				PRODUCT_NAME = "$(TARGET_NAME)";
				SWIFT_EMIT_LOC_STRINGS = YES;
				SWIFT_VERSION = 5.0;
				TARGETED_DEVICE_FAMILY = 1;
			};
			name = Release;
		};
/* End XCBuildConfiguration section */

/* Begin XCConfigurationList section */
		2B9099F427FDBB0A0025CA7F /* Build configuration list for PBXProject "InstaGrid" */ = {
			isa = XCConfigurationList;
			buildConfigurations = (
				2B909A0B27FDBB0A0025CA7F /* Debug */,
				2B909A0C27FDBB0A0025CA7F /* Release */,
			);
			defaultConfigurationIsVisible = 0;
			defaultConfigurationName = Release;
		};
		2B909A0D27FDBB0A0025CA7F /* Build configuration list for PBXNativeTarget "InstaGrid" */ = {
			isa = XCConfigurationList;
			buildConfigurations = (
				2B909A0E27FDBB0A0025CA7F /* Debug */,
				2B909A0F27FDBB0A0025CA7F /* Release */,
			);
			defaultConfigurationIsVisible = 0;
			defaultConfigurationName = Release;
		};
/* End XCConfigurationList section */
	};
	rootObject = 2B9099F127FDBB0A0025CA7F /* Project object */;
}
